
Microsoft Visual Studio Solution File, Format Version 12.00
# Visual Studio Version 17
VisualStudioVersion = 17.0.31903.59
MinimumVisualStudioVersion = 10.0.40219.1
Project("{2150E333-8FDC-42A3-9474-1A3956D46DE8}") = "Void.Build", "Void.Build", "{376A9F08-CEE8-4206-8D42-E84AC570B029}"
	ProjectSection(SolutionItems) = preProject
		Void.Build\Void.Build.targets = Void.Build\Void.Build.targets
		Void.Build\Void.Build.GamePath.targets = Void.Build\Void.Build.GamePath.targets
		Void.Build\Void.Build.GameReferences.targets = Void.Build\Void.Build.GameReferences.targets
	EndProjectSection
EndProject
Project("{FAE04EC0-301F-11D3-BF4B-00C04F79EFBC}") = "Void.TestMod", "Void.TestMod\Void.TestMod.csproj", "{C3364A12-D6F5-44B9-880B-0A9E97973AFC}"
EndProject
Global
	GlobalSection(SolutionConfigurationPlatforms) = preSolution
		Debug|Any CPU = Debug|Any CPU
		Release|Any CPU = Release|Any CPU
	EndGlobalSection
	GlobalSection(SolutionProperties) = preSolution
		HideSolutionNode = FALSE
	EndGlobalSection
	GlobalSection(ProjectConfigurationPlatforms) = postSolution
		{C3364A12-D6F5-44B9-880B-0A9E97973AFC}.Debug|Any CPU.ActiveCfg = Debug|Any CPU
		{C3364A12-D6F5-44B9-880B-0A9E97973AFC}.Debug|Any CPU.Build.0 = Debug|Any CPU
		{C3364A12-D6F5-44B9-880B-0A9E97973AFC}.Release|Any CPU.ActiveCfg = Release|Any CPU
		{C3364A12-D6F5-44B9-880B-0A9E97973AFC}.Release|Any CPU.Build.0 = Release|Any CPU
	EndGlobalSection
EndGlobal
